{
  "projects": [
    {
      "projectId": "oag8TsAwAR9aYX3dH7PUrQ",
      "version": "latest",
      "dependencies": {},
      "lang": "ts",
      "fileLocks": [
        {
          "type": "globalVariant",
          "assetId": "QkrNW7FrAmDJ",
          "checksum": "191f867d825d59f560426671f33e4fe9"
        },
        {
          "type": "renderModule",
          "assetId": "7h7Qjbih0oCJ",
          "checksum": "6921b2fbad4a196b6126cec769302cd4"
        },
        {
          "type": "cssRules",
          "assetId": "7h7Qjbih0oCJ",
          "checksum": "6921b2fbad4a196b6126cec769302cd4"
        },
        {
          "assetId": "oag8TsAwAR9aYX3dH7PUrQ",
          "type": "projectCss",
          "checksum": "8b8e368b24d0b9d8d0953742c999b353"
        },
        {
          "type": "renderModule",
          "assetId": "jdwti-cgKfbu",
          "checksum": "6b2ea478b3b523ad1a8127a6501edecd"
        },
        {
          "type": "cssRules",
          "assetId": "jdwti-cgKfbu",
          "checksum": "6b2ea478b3b523ad1a8127a6501edecd"
        },
        {
          "type": "renderModule",
          "assetId": "2XOoSDsZhQbV",
          "checksum": "dd8adf54ef85f7a5219641dbfd3a30de"
        },
        {
          "type": "cssRules",
          "assetId": "2XOoSDsZhQbV",
          "checksum": "dd8adf54ef85f7a5219641dbfd3a30de"
        },
        {
          "type": "renderModule",
          "assetId": "J9EeM4KTm13r",
          "checksum": "5d23fd973b5f4fd7994a2c78e7d8349b"
        },
        {
          "type": "cssRules",
          "assetId": "J9EeM4KTm13r",
          "checksum": "5d23fd973b5f4fd7994a2c78e7d8349b"
        },
        {
          "type": "renderModule",
          "assetId": "VuKQpEXS84T1",
          "checksum": "9ee69f0d53f6c3b5e245b1305ef956b6"
        },
        {
          "type": "cssRules",
          "assetId": "VuKQpEXS84T1",
          "checksum": "9ee69f0d53f6c3b5e245b1305ef956b6"
        },
        {
          "type": "icon",
          "assetId": "PJeMPBhy0AKZ",
          "checksum": "d37bcf6dc21c6e16051ba3578a7b9d37"
        },
        {
          "type": "icon",
          "assetId": "7dt-qPE4jdZG",
          "checksum": "01f97995edba4d98ad81d2f32ca26563"
        }
      ],
      "codegenVersion": "0.0.1"
    },
    {
      "projectId": "3Ugs4sV6B8nqCtQp14QqZB",
      "version": "latest",
      "dependencies": {},
      "lang": "ts",
      "fileLocks": [
        {
          "type": "globalVariant",
          "assetId": "bz-pru8a1zEU",
          "checksum": "1a8a2f95ce3a5222ba9855aff3ef875c"
        },
        {
          "assetId": "3Ugs4sV6B8nqCtQp14QqZB",
          "type": "projectCss",
          "checksum": "3b55d4812ed8e5a03e8e53cb6e033928"
        },
        {
          "type": "renderModule",
          "assetId": "_-r3Mnvmr7T_",
          "checksum": "5cdf722ec8e9b19c56e424ef53d82efd"
        },
        {
          "type": "cssRules",
          "assetId": "_-r3Mnvmr7T_",
          "checksum": "5cdf722ec8e9b19c56e424ef53d82efd"
        },
        {
          "type": "renderModule",
          "assetId": "5v8B923TFxOa",
          "checksum": "2a0e0eff7c787c797419d5794c4ab362"
        },
        {
          "type": "cssRules",
          "assetId": "5v8B923TFxOa",
          "checksum": "2a0e0eff7c787c797419d5794c4ab362"
        },
        {
          "type": "icon",
          "assetId": "2kK9E90q8pa0",
          "checksum": "aa460150b6a87ebb7cf5ffc2a9c3cd2a"
        },
        {
          "type": "icon",
          "assetId": "ymgwH8JiNIxP",
          "checksum": "cc14416a177503fc1ac917a4f22423e4"
        }
      ],
      "codegenVersion": "0.0.1"
    }
  ],
  "cliVersion": "0.1.330"
}
