{
  "projects": [
    {
      "projectId": "oag8TsAwAR9aYX3dH7PUrQ",
      "version": "latest",
      "dependencies": {
        "ohDidvG9XsCeFumugENU3J": "6.24.0"
      },
      "lang": "ts",
      "fileLocks": [
        {
          "type": "globalVariant",
          "assetId": "QkrNW7FrAmDJ",
          "checksum": "191f867d825d59f560426671f33e4fe9"
        },
        {
          "type": "renderModule",
          "assetId": "jdwti-cgKfbu",
          "checksum": "6796e049a6323a470c62eb0dd60a3a53"
        },
        {
          "type": "cssRules",
          "assetId": "jdwti-cgKfbu",
          "checksum": "6796e049a6323a470c62eb0dd60a3a53"
        },
        {
          "type": "renderModule",
          "assetId": "2XOoSDsZhQbV",
          "checksum": "6c45cf5362e1f371d00f21b4c09c062d"
        },
        {
          "type": "cssRules",
          "assetId": "2XOoSDsZhQbV",
          "checksum": "6c45cf5362e1f371d00f21b4c09c062d"
        },
        {
          "type": "renderModule",
          "assetId": "J9EeM4KTm13r",
          "checksum": "865ca10e4ff924162e1f6a97abb6e7b0"
        },
        {
          "type": "cssRules",
          "assetId": "J9EeM4KTm13r",
          "checksum": "865ca10e4ff924162e1f6a97abb6e7b0"
        },
        {
          "type": "renderModule",
          "assetId": "VuKQpEXS84T1",
          "checksum": "13daf838e5bbb1a2ccceba73bcb84a58"
        },
        {
          "type": "cssRules",
          "assetId": "VuKQpEXS84T1",
          "checksum": "13daf838e5bbb1a2ccceba73bcb84a58"
        },
        {
          "type": "icon",
          "assetId": "PJeMPBhy0AKZ",
          "checksum": "d37bcf6dc21c6e16051ba3578a7b9d37"
        },
        {
          "type": "icon",
          "assetId": "7dt-qPE4jdZG",
          "checksum": "01f97995edba4d98ad81d2f32ca26563"
        },
        {
          "type": "renderModule",
          "assetId": "MyjivRijFoCy",
          "checksum": "bfc0571c6e4ad0167661a1bc412088fd"
        },
        {
          "type": "cssRules",
          "assetId": "MyjivRijFoCy",
          "checksum": "bfc0571c6e4ad0167661a1bc412088fd"
        },
        {
          "assetId": "oag8TsAwAR9aYX3dH7PUrQ",
          "checksum": "394f3e0903403cca0e888de60b21d056",
          "type": "globalContexts"
        },
        {
          "type": "renderModule",
          "assetId": "siuDsNYtBgLJ",
          "checksum": "a388907fca6fb0e6ab9d43abeaa23559"
        },
        {
          "type": "cssRules",
          "assetId": "siuDsNYtBgLJ",
          "checksum": "a388907fca6fb0e6ab9d43abeaa23559"
        },
        {
          "type": "icon",
          "assetId": "AJygcP7dEmci",
          "checksum": "1cf7be6ab445eb90da623c9b2b1b623b"
        },
        {
          "type": "icon",
          "assetId": "3Z5UbcRMe0zP",
          "checksum": "ba5ed04f31b922f8537e95f3b6d2a9e8"
        },
        {
          "type": "renderModule",
          "assetId": "Kj8bNhZfVFIj",
          "checksum": "e15f4f77586c7ecc8e22ccc5ee853683"
        },
        {
          "type": "cssRules",
          "assetId": "Kj8bNhZfVFIj",
          "checksum": "e15f4f77586c7ecc8e22ccc5ee853683"
        },
        {
          "assetId": "oag8TsAwAR9aYX3dH7PUrQ",
          "type": "projectCss",
          "checksum": "e555ed15a5ba00d7dba1be883c197316"
        }
      ],
      "codegenVersion": "0.0.1"
    },
    {
      "projectId": "ohDidvG9XsCeFumugENU3J",
      "version": "6.24.0",
      "dependencies": {},
      "lang": "ts",
      "fileLocks": [
        {
          "assetId": "ohDidvG9XsCeFumugENU3J",
          "type": "projectCss",
          "checksum": "fd83b730367fdbde2c69bc6cf31c2a3c"
        },
        {
          "assetId": "ohDidvG9XsCeFumugENU3J",
          "checksum": "de0a0e65174a6a185a8f822af51c6bdd",
          "type": "globalContexts"
        }
      ],
      "codegenVersion": "0.0.1"
    },
    {
      "projectId": "pzYSxfi2fsWmvqyno52Yt4",
      "version": "latest",
      "dependencies": {
        "ohDidvG9XsCeFumugENU3J": "6.24.0"
      },
      "lang": "ts",
      "fileLocks": [
        {
          "type": "globalVariant",
          "assetId": "5x3EUp4dzrsJ",
          "checksum": "68302bd21b03a43707d36bc0f86d66e4"
        },
        {
          "assetId": "pzYSxfi2fsWmvqyno52Yt4",
          "type": "projectCss",
          "checksum": "d496d28e40719d036b509747ba4369fb"
        },
        {
          "assetId": "pzYSxfi2fsWmvqyno52Yt4",
          "checksum": "a70ecc9400f271ccf50b0455e13b5265",
          "type": "globalContexts"
        },
        {
          "type": "renderModule",
          "assetId": "0WmWfTz3WOQj",
          "checksum": "6f87299f6e3074fd8d16e5937b6ea7fd"
        },
        {
          "type": "cssRules",
          "assetId": "0WmWfTz3WOQj",
          "checksum": "6f87299f6e3074fd8d16e5937b6ea7fd"
        },
        {
          "type": "renderModule",
          "assetId": "z0gqIERMy3Gs",
          "checksum": "03c2dba5542847e4a000e90f31588a57"
        },
        {
          "type": "cssRules",
          "assetId": "z0gqIERMy3Gs",
          "checksum": "03c2dba5542847e4a000e90f31588a57"
        },
        {
          "type": "renderModule",
          "assetId": "-pSLt69pXfLm",
          "checksum": "935c2eaa0ba90ffb89fbdff38e067589"
        },
        {
          "type": "cssRules",
          "assetId": "-pSLt69pXfLm",
          "checksum": "935c2eaa0ba90ffb89fbdff38e067589"
        },
        {
          "type": "icon",
          "assetId": "n2hlaRuYyv_j",
          "checksum": "15b8a88684a89c4a4eda4b8e2e1ddb71"
        },
        {
          "type": "icon",
          "assetId": "QV8cJOoLUqAh",
          "checksum": "70185fc039950f99c0b86f30e4766b75"
        }
      ],
      "codegenVersion": "0.0.1"
    }
  ],
  "cliVersion": "0.1.330"
}
